
Microsoft Visual Studio Solution File, Format Version 12.00
# Visual Studio 15
VisualStudioVersion = 15.0.26403.3
MinimumVisualStudioVersion = 10.0.40219.1
Project("{FAE04EC0-301F-11D3-BF4B-00C04F79EFBC}") = "CustomVoice-API", "CustomVoice-API\CustomVoice-API.csproj", "{52AFEC63-B3EB-4A35-951E-B4BD5EEE3C49}"
EndProject
Global
	GlobalSection(SolutionConfigurationPlatforms) = preSolution
		Debug|Any CPU = Debug|Any CPU
		Release|Any CPU = Release|Any CPU
	EndGlobalSection
	GlobalSection(ProjectConfigurationPlatforms) = postSolution
		{52AFEC63-B3EB-4A35-951E-B4BD5EEE3C49}.Debug|Any CPU.ActiveCfg = Debug|Any CPU
		{52AFEC63-B3EB-4A35-951E-B4BD5EEE3C49}.Debug|Any CPU.Build.0 = Debug|Any CPU
		{52AFEC63-B3EB-4A35-951E-B4BD5EEE3C49}.Release|Any CPU.ActiveCfg = Release|Any CPU
		{52AFEC63-B3EB-4A35-951E-B4BD5EEE3C49}.Release|Any CPU.Build.0 = Release|Any CPU
	EndGlobalSection
	GlobalSection(SolutionProperties) = preSolution
		HideSolutionNode = FALSE
	EndGlobalSection
	GlobalSection(ExtensibilityGlobals) = postSolution
		SolutionGuid = {F923BF5A-21E8-4419-9CC0-63513A78457B}
	EndGlobalSection
EndGlobal
