
Microsoft Visual Studio Solution File, Format Version 12.00
# Visual Studio 15
VisualStudioVersion = 15.0.26403.3
MinimumVisualStudioVersion = 10.0.40219.1
Project("{8BC9CEB8-8B4A-11D0-8D11-00A0C91BC942}") = "azure-c-shared-utility-linux", "azure-c-shared-utility\azure-c-shared-utility-linux.vcxproj", "{D4A84FC6-5C80-4A0C-9C4C-343D23FCF0B4}"
EndProject
Project("{8BC9CEB8-8B4A-11D0-8D11-00A0C91BC942}") = "azure-c-shared-utility", "azure-c-shared-utility\azure-c-shared-utility.vcxproj", "{2FEB90A0-E50D-48B1-B2C3-AE4AF21218BC}"
EndProject
Project("{2150E333-8FDC-42A3-9474-1A3956D46DE8}") = "Core", "Core", "{ED82C85B-8C73-4F15-94DE-AF5CE7FA3B8A}"
EndProject
Project("{2150E333-8FDC-42A3-9474-1A3956D46DE8}") = "Windows", "Windows", "{4925856E-2891-4353-AF56-CE4683809682}"
EndProject
Project("{2150E333-8FDC-42A3-9474-1A3956D46DE8}") = "Linux", "Linux", "{0D8310CC-9A16-4E39-BD7B-365377C7774F}"
EndProject
Project("{2150E333-8FDC-42A3-9474-1A3956D46DE8}") = "Tests", "Tests", "{DC3A751E-B694-4BD8-9127-3C7F31ACF148}"
EndProject
Global
	GlobalSection(SolutionConfigurationPlatforms) = preSolution
		Debug|ARM = Debug|ARM
		Debug|Linux = Debug|Linux
		Debug|Win32 = Debug|Win32
		Debug|x64 = Debug|x64
		Release|ARM = Release|ARM
		Release|Linux = Release|Linux
		Release|Win32 = Release|Win32
		Release|x64 = Release|x64
	EndGlobalSection
	GlobalSection(ProjectConfigurationPlatforms) = postSolution
		{D4A84FC6-5C80-4A0C-9C4C-343D23FCF0B4}.Debug|ARM.ActiveCfg = Debug|ARM
		{D4A84FC6-5C80-4A0C-9C4C-343D23FCF0B4}.Debug|Linux.ActiveCfg = Debug|ARM
		{D4A84FC6-5C80-4A0C-9C4C-343D23FCF0B4}.Debug|Linux.Build.0 = Debug|ARM
		{D4A84FC6-5C80-4A0C-9C4C-343D23FCF0B4}.Debug|Win32.ActiveCfg = Debug|ARM
		{D4A84FC6-5C80-4A0C-9C4C-343D23FCF0B4}.Debug|x64.ActiveCfg = Debug|ARM
		{D4A84FC6-5C80-4A0C-9C4C-343D23FCF0B4}.Release|ARM.ActiveCfg = Release|ARM
		{D4A84FC6-5C80-4A0C-9C4C-343D23FCF0B4}.Release|Linux.ActiveCfg = Release|ARM
		{D4A84FC6-5C80-4A0C-9C4C-343D23FCF0B4}.Release|Linux.Build.0 = Release|ARM
		{D4A84FC6-5C80-4A0C-9C4C-343D23FCF0B4}.Release|Win32.ActiveCfg = Release|ARM
		{D4A84FC6-5C80-4A0C-9C4C-343D23FCF0B4}.Release|x64.ActiveCfg = Release|ARM
		{2FEB90A0-E50D-48B1-B2C3-AE4AF21218BC}.Debug|ARM.ActiveCfg = Debug|ARM
		{2FEB90A0-E50D-48B1-B2C3-AE4AF21218BC}.Debug|ARM.Build.0 = Debug|ARM
		{2FEB90A0-E50D-48B1-B2C3-AE4AF21218BC}.Debug|Linux.ActiveCfg = Debug|ARM
		{2FEB90A0-E50D-48B1-B2C3-AE4AF21218BC}.Debug|Win32.ActiveCfg = Debug|Win32
		{2FEB90A0-E50D-48B1-B2C3-AE4AF21218BC}.Debug|Win32.Build.0 = Debug|Win32
		{2FEB90A0-E50D-48B1-B2C3-AE4AF21218BC}.Debug|x64.ActiveCfg = Debug|x64
		{2FEB90A0-E50D-48B1-B2C3-AE4AF21218BC}.Debug|x64.Build.0 = Debug|x64
		{2FEB90A0-E50D-48B1-B2C3-AE4AF21218BC}.Release|ARM.ActiveCfg = Release|ARM
		{2FEB90A0-E50D-48B1-B2C3-AE4AF21218BC}.Release|ARM.Build.0 = Release|ARM
		{2FEB90A0-E50D-48B1-B2C3-AE4AF21218BC}.Release|Linux.ActiveCfg = Release|ARM
		{2FEB90A0-E50D-48B1-B2C3-AE4AF21218BC}.Release|Win32.ActiveCfg = Release|Win32
		{2FEB90A0-E50D-48B1-B2C3-AE4AF21218BC}.Release|Win32.Build.0 = Release|Win32
		{2FEB90A0-E50D-48B1-B2C3-AE4AF21218BC}.Release|x64.ActiveCfg = Release|x64
		{2FEB90A0-E50D-48B1-B2C3-AE4AF21218BC}.Release|x64.Build.0 = Release|x64
	EndGlobalSection
	GlobalSection(SolutionProperties) = preSolution
		HideSolutionNode = FALSE
	EndGlobalSection
	GlobalSection(NestedProjects) = preSolution
		{D4A84FC6-5C80-4A0C-9C4C-343D23FCF0B4} = {0D8310CC-9A16-4E39-BD7B-365377C7774F}
		{2FEB90A0-E50D-48B1-B2C3-AE4AF21218BC} = {4925856E-2891-4353-AF56-CE4683809682}
		{4925856E-2891-4353-AF56-CE4683809682} = {ED82C85B-8C73-4F15-94DE-AF5CE7FA3B8A}
		{0D8310CC-9A16-4E39-BD7B-365377C7774F} = {ED82C85B-8C73-4F15-94DE-AF5CE7FA3B8A}
	EndGlobalSection
EndGlobal
