
Microsoft Visual Studio Solution File, Format Version 12.00
# Visual Studio 15
VisualStudioVersion = 15.0.27703.2026
MinimumVisualStudioVersion = 10.0.40219.1
Project("{9A19103F-16F7-4668-BE54-9A1E7A4F7556}") = "TranslatorServer", "TranslatorServer\TranslatorServer.csproj", "{7DA86FD4-1BB9-4F75-82A2-E48C3DD303CF}"
EndProject
Global
	GlobalSection(SolutionConfigurationPlatforms) = preSolution
		Debug|Any CPU = Debug|Any CPU
		Release|Any CPU = Release|Any CPU
	EndGlobalSection
	GlobalSection(ProjectConfigurationPlatforms) = postSolution
		{7DA86FD4-1BB9-4F75-82A2-E48C3DD303CF}.Debug|Any CPU.ActiveCfg = Debug|Any CPU
		{7DA86FD4-1BB9-4F75-82A2-E48C3DD303CF}.Debug|Any CPU.Build.0 = Debug|Any CPU
		{7DA86FD4-1BB9-4F75-82A2-E48C3DD303CF}.Release|Any CPU.ActiveCfg = Release|Any CPU
		{7DA86FD4-1BB9-4F75-82A2-E48C3DD303CF}.Release|Any CPU.Build.0 = Release|Any CPU
	EndGlobalSection
	GlobalSection(SolutionProperties) = preSolution
		HideSolutionNode = FALSE
	EndGlobalSection
	GlobalSection(ExtensibilityGlobals) = postSolution
		SolutionGuid = {729490EC-7C11-4B18-9D70-2883A601A9E7}
	EndGlobalSection
EndGlobal
