
Microsoft Visual Studio Solution File, Format Version 12.00
# Visual Studio Version 16
VisualStudioVersion = 16.0.30104.148
MinimumVisualStudioVersion = 10.0.40219.1
Project("{FAE04EC0-301F-11D3-BF4B-00C04F79EFBC}") = "PronunciationAssessment", "PronunciationAssessment.csproj", "{D8964ADE-BC76-4A59-9168-AF79AC27CCAE}"
EndProject
Global
	GlobalSection(SolutionConfigurationPlatforms) = preSolution
		Debug|Any CPU = Debug|Any CPU
		Release|Any CPU = Release|Any CPU
	EndGlobalSection
	GlobalSection(ProjectConfigurationPlatforms) = postSolution
		{D8964ADE-BC76-4A59-9168-AF79AC27CCAE}.Debug|Any CPU.ActiveCfg = Debug|Any CPU
		{D8964ADE-BC76-4A59-9168-AF79AC27CCAE}.Debug|Any CPU.Build.0 = Debug|Any CPU
		{D8964ADE-BC76-4A59-9168-AF79AC27CCAE}.Release|Any CPU.ActiveCfg = Release|Any CPU
		{D8964ADE-BC76-4A59-9168-AF79AC27CCAE}.Release|Any CPU.Build.0 = Release|Any CPU
	EndGlobalSection
	GlobalSection(SolutionProperties) = preSolution
		HideSolutionNode = FALSE
	EndGlobalSection
	GlobalSection(ExtensibilityGlobals) = postSolution
		SolutionGuid = {54CB19E2-711C-45B3-8544-635BDAADB946}
	EndGlobalSection
EndGlobal
